
Microsoft Visual Studio Solution File, Format Version 12.00
# RemObjects Fire
Project("{656346D9-4656-40DA-A068-22D5425D4639}") = "CocoaConsoleApplication", "CocoaConsoleApplication\CocoaConsoleApplication.elements", "{50A535B9-97D2-49C9-99FD-1CA96E6B1C25}"
EndProject
Project("{656346D9-4656-40DA-A068-22D5425D4639}") = "CoreConsoleApplication", "CoreConsoleApplication\CoreConsoleApplication.elements", "{0564FFAB-2677-4D01-B69E-ED66C6A6E766}"
EndProject
Project("{656346D9-4656-40DA-A068-22D5425D4639}") = "DarwinConsoleApplication", "DarwinConsoleApplication\DarwinConsoleApplication.elements", "{7B0DE3E7-C1C8-4B2F-9C5C-D663C2D1C878}"
EndProject
Project("{656346D9-4656-40DA-A068-22D5425D4639}") = "LinuxConsoleApplication", "LinuxConsoleApplication\LinuxConsoleApplication.elements", "{C626A79B-F16A-4384-B4C3-B605B5681337}"
EndProject
Project("{656346D9-4656-40DA-A068-22D5425D4639}") = "Moshine.Foundation.Tests", "Moshine.Foundation.Tests\Moshine.Foundation.Tests.elements", "{52B5726A-C042-4CB6-B3CE-780252C8A00E}"
EndProject
Global
	GlobalSection(SolutionConfigurationPlatforms) = preSolution
		Debug|AnyCPU = Debug|AnyCPU
		Release|AnyCPU = Release|AnyCPU
	EndGlobalSection
	GlobalSection(ProjectConfigurationPlatforms) = postSolution
		{50A535B9-97D2-49C9-99FD-1CA96E6B1C25}.Debug|AnyCPU.ActiveCfg = Debug|AnyCPU
		{50A535B9-97D2-49C9-99FD-1CA96E6B1C25}.Debug|AnyCPU.Build.0 = Debug|AnyCPU
		{50A535B9-97D2-49C9-99FD-1CA96E6B1C25}.Release|AnyCPU.ActiveCfg = Release|AnyCPU
		{50A535B9-97D2-49C9-99FD-1CA96E6B1C25}.Release|AnyCPU.Build.0 = Release|AnyCPU
		{0564FFAB-2677-4D01-B69E-ED66C6A6E766}.Debug|AnyCPU.ActiveCfg = Debug|AnyCPU
		{0564FFAB-2677-4D01-B69E-ED66C6A6E766}.Debug|AnyCPU.Build.0 = Debug|AnyCPU
		{0564FFAB-2677-4D01-B69E-ED66C6A6E766}.Release|AnyCPU.ActiveCfg = Release|AnyCPU
		{0564FFAB-2677-4D01-B69E-ED66C6A6E766}.Release|AnyCPU.Build.0 = Release|AnyCPU
		{7B0DE3E7-C1C8-4B2F-9C5C-D663C2D1C878}.Debug|AnyCPU.ActiveCfg = Debug|AnyCPU
		{7B0DE3E7-C1C8-4B2F-9C5C-D663C2D1C878}.Debug|AnyCPU.Build.0 = Debug|AnyCPU
		{7B0DE3E7-C1C8-4B2F-9C5C-D663C2D1C878}.Release|AnyCPU.ActiveCfg = Release|AnyCPU
		{7B0DE3E7-C1C8-4B2F-9C5C-D663C2D1C878}.Release|AnyCPU.Build.0 = Release|AnyCPU
		{C626A79B-F16A-4384-B4C3-B605B5681337}.Debug|AnyCPU.ActiveCfg = Debug|AnyCPU
		{C626A79B-F16A-4384-B4C3-B605B5681337}.Debug|AnyCPU.Build.0 = Debug|AnyCPU
		{C626A79B-F16A-4384-B4C3-B605B5681337}.Release|AnyCPU.ActiveCfg = Release|AnyCPU
		{C626A79B-F16A-4384-B4C3-B605B5681337}.Release|AnyCPU.Build.0 = Release|AnyCPU
	EndGlobalSection
	GlobalSection(SolutionProperties) = preSolution
		HideSolutionNode = FALSE
	EndGlobalSection
EndGlobal